
Microsoft Visual Studio Solution File, Format Version 12.00
# Visual Studio Version 17
VisualStudioVersion = 17.0.32014.148
MinimumVisualStudioVersion = 10.0.40219.1
Project("{9092AA53-FB77-4645-B42D-1CCCA6BD08BD}") = "FoxTest", "FoxTest\FoxTest.njsproj", "{2DCBD693-5BD1-4C42-8C65-DADA514EC6B1}"
EndProject
Global
	GlobalSection(SolutionConfigurationPlatforms) = preSolution
		Debug|Any CPU = Debug|Any CPU
		Release|Any CPU = Release|Any CPU
	EndGlobalSection
	GlobalSection(ProjectConfigurationPlatforms) = postSolution
		{2DCBD693-5BD1-4C42-8C65-DADA514EC6B1}.Debug|Any CPU.ActiveCfg = Debug|Any CPU
		{2DCBD693-5BD1-4C42-8C65-DADA514EC6B1}.Debug|Any CPU.Build.0 = Debug|Any CPU
		{2DCBD693-5BD1-4C42-8C65-DADA514EC6B1}.Release|Any CPU.ActiveCfg = Release|Any CPU
		{2DCBD693-5BD1-4C42-8C65-DADA514EC6B1}.Release|Any CPU.Build.0 = Release|Any CPU
	EndGlobalSection
	GlobalSection(SolutionProperties) = preSolution
		HideSolutionNode = FALSE
	EndGlobalSection
	GlobalSection(ExtensibilityGlobals) = postSolution
		SolutionGuid = {B8BDC595-4EDE-4DE9-8783-1A0C239A7BC9}
	EndGlobalSection
EndGlobal
